
Microsoft Visual Studio Solution File, Format Version 12.00
# Visual Studio 15
VisualStudioVersion = 15.0.28307.102
MinimumVisualStudioVersion = 10.0.40219.1
Project("{9A19103F-16F7-4668-BE54-9A1E7A4F7556}") = "Leagues.CommandHandler", "Leagues.CommandHandler.csproj", "{0C61FBA3-20F8-40AA-A428-C276C900532C}"
EndProject
Global
	GlobalSection(SolutionConfigurationPlatforms) = preSolution
		Debug|Any CPU = Debug|Any CPU
		Release|Any CPU = Release|Any CPU
	EndGlobalSection
	GlobalSection(ProjectConfigurationPlatforms) = postSolution
		{0C61FBA3-20F8-40AA-A428-C276C900532C}.Debug|Any CPU.ActiveCfg = Debug|Any CPU
		{0C61FBA3-20F8-40AA-A428-C276C900532C}.Debug|Any CPU.Build.0 = Debug|Any CPU
		{0C61FBA3-20F8-40AA-A428-C276C900532C}.Release|Any CPU.ActiveCfg = Release|Any CPU
		{0C61FBA3-20F8-40AA-A428-C276C900532C}.Release|Any CPU.Build.0 = Release|Any CPU
	EndGlobalSection
	GlobalSection(SolutionProperties) = preSolution
		HideSolutionNode = FALSE
	EndGlobalSection
	GlobalSection(ExtensibilityGlobals) = postSolution
		SolutionGuid = {0649D83F-ACFE-4112-9BFF-97058D3FCB8C}
	EndGlobalSection
EndGlobal
