
Microsoft Visual Studio Solution File, Format Version 12.00
# Visual Studio 15
VisualStudioVersion = 15.0.28010.2003
MinimumVisualStudioVersion = 10.0.40219.1
Project("{9A19103F-16F7-4668-BE54-9A1E7A4F7556}") = "TheLongRun-Races-Functions", "TheLongRun-Races-Functions.csproj", "{6DD0BF16-B9E8-4159-927E-3BEC9073DB6F}"
EndProject
Global
	GlobalSection(SolutionConfigurationPlatforms) = preSolution
		Debug|Any CPU = Debug|Any CPU
		Release|Any CPU = Release|Any CPU
	EndGlobalSection
	GlobalSection(ProjectConfigurationPlatforms) = postSolution
		{6DD0BF16-B9E8-4159-927E-3BEC9073DB6F}.Debug|Any CPU.ActiveCfg = Debug|Any CPU
		{6DD0BF16-B9E8-4159-927E-3BEC9073DB6F}.Debug|Any CPU.Build.0 = Debug|Any CPU
		{6DD0BF16-B9E8-4159-927E-3BEC9073DB6F}.Release|Any CPU.ActiveCfg = Release|Any CPU
		{6DD0BF16-B9E8-4159-927E-3BEC9073DB6F}.Release|Any CPU.Build.0 = Release|Any CPU
	EndGlobalSection
	GlobalSection(SolutionProperties) = preSolution
		HideSolutionNode = FALSE
	EndGlobalSection
	GlobalSection(ExtensibilityGlobals) = postSolution
		SolutionGuid = {605186A0-6F06-4C72-8E0E-A05C4F334A6D}
	EndGlobalSection
EndGlobal
