
Microsoft Visual Studio Solution File, Format Version 12.00
# Visual Studio 15
VisualStudioVersion = 15.0.27130.2027
MinimumVisualStudioVersion = 10.0.40219.1
Project("{9A19103F-16F7-4668-BE54-9A1E7A4F7556}") = "TheLongRun-League-Function", "TheLongRun-League-Function\TheLongRun-League-Function.csproj", "{645A8DA3-54B6-4944-AB42-A824E5F925FB}"
EndProject
Project("{9A19103F-16F7-4668-BE54-9A1E7A4F7556}") = "TheLongRun.Common", "TheLongRun.Common\TheLongRun.Common.csproj", "{877028D0-DDED-4967-A699-8BB129EC0C6A}"
EndProject
Project("{9A19103F-16F7-4668-BE54-9A1E7A4F7556}") = "Leagues.EventSourcing", "Domains\Leagues\Event Sourcing\Leagues.EventSourcing.csproj", "{E44D924A-BED1-42C5-9D87-FA1C96480FFD}"
EndProject
Project("{9A19103F-16F7-4668-BE54-9A1E7A4F7556}") = "Leagues.CommandDefinition", "Domains\Leagues\Command Definitions\Leagues.CommandDefinition.csproj", "{1847B1E1-3EC8-44CD-8C88-E52392A9C637}"
EndProject
Project("{9A19103F-16F7-4668-BE54-9A1E7A4F7556}") = "Leagues.CommandHandler", "Domains\Leagues\Command Handlers\Leagues.CommandHandler.csproj", "{CB0F6213-B433-4558-83AD-E52F70BCBB28}"
EndProject
Project("{9A19103F-16F7-4668-BE54-9A1E7A4F7556}") = "Leagues.IdentityGroup", "Domains\Leagues\Identifier Groups\Leagues.IdentityGroup.csproj", "{7E1A9962-A365-4656-80E5-7A7537DF79EE}"
EndProject
Project("{9A19103F-16F7-4668-BE54-9A1E7A4F7556}") = "Leagues.QueryDefinition", "Domains\Leagues\Query Definitions\Leagues.QueryDefinition.csproj", "{F33425D5-2195-45E0-AD58-8CC7FAD08CF3}"
EndProject
Project("{9A19103F-16F7-4668-BE54-9A1E7A4F7556}") = "Leagues.QueryHandler", "Domains\Leagues\Query Handlers\Leagues.QueryHandler.csproj", "{0558C599-0B7B-4EDB-B4C8-4C466BF9DC33}"
EndProject
Project("{9A19103F-16F7-4668-BE54-9A1E7A4F7556}") = "TheLongRun-Leagues-UnitTest", "TheLongRun-Leagues-UnitTest\TheLongRun-Leagues-UnitTest.csproj", "{88E21EF8-9BA1-451C-BF4C-525BF065E29F}"
EndProject
Global
	GlobalSection(SolutionConfigurationPlatforms) = preSolution
		Debug|Any CPU = Debug|Any CPU
		Release|Any CPU = Release|Any CPU
		Description = Demo for the CQRS on Azure project
	EndGlobalSection
	GlobalSection(ProjectConfigurationPlatforms) = postSolution
		{645A8DA3-54B6-4944-AB42-A824E5F925FB}.Debug|Any CPU.ActiveCfg = Debug|Any CPU
		{645A8DA3-54B6-4944-AB42-A824E5F925FB}.Debug|Any CPU.Build.0 = Debug|Any CPU
		{645A8DA3-54B6-4944-AB42-A824E5F925FB}.Release|Any CPU.ActiveCfg = Release|Any CPU
		{645A8DA3-54B6-4944-AB42-A824E5F925FB}.Release|Any CPU.Build.0 = Release|Any CPU
		{877028D0-DDED-4967-A699-8BB129EC0C6A}.Debug|Any CPU.ActiveCfg = Debug|Any CPU
		{877028D0-DDED-4967-A699-8BB129EC0C6A}.Debug|Any CPU.Build.0 = Debug|Any CPU
		{877028D0-DDED-4967-A699-8BB129EC0C6A}.Release|Any CPU.ActiveCfg = Release|Any CPU
		{877028D0-DDED-4967-A699-8BB129EC0C6A}.Release|Any CPU.Build.0 = Release|Any CPU
		{E44D924A-BED1-42C5-9D87-FA1C96480FFD}.Debug|Any CPU.ActiveCfg = Debug|Any CPU
		{E44D924A-BED1-42C5-9D87-FA1C96480FFD}.Debug|Any CPU.Build.0 = Debug|Any CPU
		{E44D924A-BED1-42C5-9D87-FA1C96480FFD}.Release|Any CPU.ActiveCfg = Release|Any CPU
		{E44D924A-BED1-42C5-9D87-FA1C96480FFD}.Release|Any CPU.Build.0 = Release|Any CPU
		{1847B1E1-3EC8-44CD-8C88-E52392A9C637}.Debug|Any CPU.ActiveCfg = Debug|Any CPU
		{1847B1E1-3EC8-44CD-8C88-E52392A9C637}.Debug|Any CPU.Build.0 = Debug|Any CPU
		{1847B1E1-3EC8-44CD-8C88-E52392A9C637}.Release|Any CPU.ActiveCfg = Release|Any CPU
		{1847B1E1-3EC8-44CD-8C88-E52392A9C637}.Release|Any CPU.Build.0 = Release|Any CPU
		{CB0F6213-B433-4558-83AD-E52F70BCBB28}.Debug|Any CPU.ActiveCfg = Debug|Any CPU
		{CB0F6213-B433-4558-83AD-E52F70BCBB28}.Debug|Any CPU.Build.0 = Debug|Any CPU
		{CB0F6213-B433-4558-83AD-E52F70BCBB28}.Release|Any CPU.ActiveCfg = Release|Any CPU
		{CB0F6213-B433-4558-83AD-E52F70BCBB28}.Release|Any CPU.Build.0 = Release|Any CPU
		{7E1A9962-A365-4656-80E5-7A7537DF79EE}.Debug|Any CPU.ActiveCfg = Debug|Any CPU
		{7E1A9962-A365-4656-80E5-7A7537DF79EE}.Debug|Any CPU.Build.0 = Debug|Any CPU
		{7E1A9962-A365-4656-80E5-7A7537DF79EE}.Release|Any CPU.ActiveCfg = Release|Any CPU
		{7E1A9962-A365-4656-80E5-7A7537DF79EE}.Release|Any CPU.Build.0 = Release|Any CPU
		{F33425D5-2195-45E0-AD58-8CC7FAD08CF3}.Debug|Any CPU.ActiveCfg = Debug|Any CPU
		{F33425D5-2195-45E0-AD58-8CC7FAD08CF3}.Debug|Any CPU.Build.0 = Debug|Any CPU
		{F33425D5-2195-45E0-AD58-8CC7FAD08CF3}.Release|Any CPU.ActiveCfg = Release|Any CPU
		{F33425D5-2195-45E0-AD58-8CC7FAD08CF3}.Release|Any CPU.Build.0 = Release|Any CPU
		{0558C599-0B7B-4EDB-B4C8-4C466BF9DC33}.Debug|Any CPU.ActiveCfg = Debug|Any CPU
		{0558C599-0B7B-4EDB-B4C8-4C466BF9DC33}.Debug|Any CPU.Build.0 = Debug|Any CPU
		{0558C599-0B7B-4EDB-B4C8-4C466BF9DC33}.Release|Any CPU.ActiveCfg = Release|Any CPU
		{0558C599-0B7B-4EDB-B4C8-4C466BF9DC33}.Release|Any CPU.Build.0 = Release|Any CPU
		{88E21EF8-9BA1-451C-BF4C-525BF065E29F}.Debug|Any CPU.ActiveCfg = Debug|Any CPU
		{88E21EF8-9BA1-451C-BF4C-525BF065E29F}.Debug|Any CPU.Build.0 = Debug|Any CPU
		{88E21EF8-9BA1-451C-BF4C-525BF065E29F}.Release|Any CPU.ActiveCfg = Release|Any CPU
		{88E21EF8-9BA1-451C-BF4C-525BF065E29F}.Release|Any CPU.Build.0 = Release|Any CPU
	EndGlobalSection
	GlobalSection(SolutionProperties) = preSolution
		HideSolutionNode = FALSE
	EndGlobalSection
	GlobalSection(ExtensibilityGlobals) = postSolution
		SolutionGuid = {DA056B86-12CF-4954-8E9B-945ABF7E79BC}
	EndGlobalSection
EndGlobal
