
Microsoft Visual Studio Solution File, Format Version 12.00
# Visual Studio 15
VisualStudioVersion = 15.0.27130.2027
MinimumVisualStudioVersion = 10.0.40219.1
Project("{9A19103F-16F7-4668-BE54-9A1E7A4F7556}") = "TheLongRun-Leagues-Function", "TheLongRun-Leagues-Function\TheLongRun-Leagues-Function.csproj", "{645A8DA3-54B6-4944-AB42-A824E5F925FB}"
EndProject
Project("{FAE04EC0-301F-11D3-BF4B-00C04F79EFBC}") = "TheLongRun.Common", "TheLongRun.Common\TheLongRun.Common.csproj", "{877028D0-DDED-4967-A699-8BB129EC0C6A}"
EndProject
Project("{FAE04EC0-301F-11D3-BF4B-00C04F79EFBC}") = "Leagues.EventSourcing", "..\..\..\Demo\The Long Run\Generated Code\Leagues.EventSourcing.csproj", "{508E7F69-FCEF-4635-8D21-0E2DF106A0D2}"
EndProject
Project("{FAE04EC0-301F-11D3-BF4B-00C04F79EFBC}") = "Leagues.CommandHandler", "..\..\..\Demo\The Long Run\Generated Code\Leagues.CommandHandler.csproj", "{8DB7D005-08D6-4D14-90F6-C426CE58B859}"
EndProject
Project("{FAE04EC0-301F-11D3-BF4B-00C04F79EFBC}") = "Leagues.QueryHandler", "..\..\..\Demo\The Long Run\Generated Code\Leagues.QueryHandler.csproj", "{E437018F-166A-4FA5-8565-AB7B8062B4E7}"
EndProject
Project("{FAE04EC0-301F-11D3-BF4B-00C04F79EFBC}") = "Leagues.QueryDefinition", "..\..\..\Demo\The Long Run\Generated Code\Leagues.QueryDefinition.csproj", "{52617312-6A26-4A6E-A2A6-10661955DDED}"
EndProject
Project("{FAE04EC0-301F-11D3-BF4B-00C04F79EFBC}") = "TheLogRun.UnitTestProject", "TheLogRun.UnitTestProject\TheLogRun.UnitTestProject.csproj", "{B95CB29A-86A5-45A2-9D8C-101F3B12C370}"
EndProject
Global
	GlobalSection(SolutionConfigurationPlatforms) = preSolution
		Debug|Any CPU = Debug|Any CPU
		Release|Any CPU = Release|Any CPU
		Description = Demo for the CQRS on Azure project
	EndGlobalSection
	GlobalSection(ProjectConfigurationPlatforms) = postSolution
		{645A8DA3-54B6-4944-AB42-A824E5F925FB}.Debug|Any CPU.ActiveCfg = Debug|Any CPU
		{645A8DA3-54B6-4944-AB42-A824E5F925FB}.Debug|Any CPU.Build.0 = Debug|Any CPU
		{645A8DA3-54B6-4944-AB42-A824E5F925FB}.Release|Any CPU.ActiveCfg = Release|Any CPU
		{645A8DA3-54B6-4944-AB42-A824E5F925FB}.Release|Any CPU.Build.0 = Release|Any CPU
		{877028D0-DDED-4967-A699-8BB129EC0C6A}.Debug|Any CPU.ActiveCfg = Debug|Any CPU
		{877028D0-DDED-4967-A699-8BB129EC0C6A}.Debug|Any CPU.Build.0 = Debug|Any CPU
		{877028D0-DDED-4967-A699-8BB129EC0C6A}.Release|Any CPU.ActiveCfg = Release|Any CPU
		{877028D0-DDED-4967-A699-8BB129EC0C6A}.Release|Any CPU.Build.0 = Release|Any CPU
		{508E7F69-FCEF-4635-8D21-0E2DF106A0D2}.Debug|Any CPU.ActiveCfg = Debug|Any CPU
		{508E7F69-FCEF-4635-8D21-0E2DF106A0D2}.Debug|Any CPU.Build.0 = Debug|Any CPU
		{508E7F69-FCEF-4635-8D21-0E2DF106A0D2}.Release|Any CPU.ActiveCfg = Release|Any CPU
		{508E7F69-FCEF-4635-8D21-0E2DF106A0D2}.Release|Any CPU.Build.0 = Release|Any CPU
		{8DB7D005-08D6-4D14-90F6-C426CE58B859}.Debug|Any CPU.ActiveCfg = Debug|Any CPU
		{8DB7D005-08D6-4D14-90F6-C426CE58B859}.Debug|Any CPU.Build.0 = Debug|Any CPU
		{8DB7D005-08D6-4D14-90F6-C426CE58B859}.Release|Any CPU.ActiveCfg = Release|Any CPU
		{8DB7D005-08D6-4D14-90F6-C426CE58B859}.Release|Any CPU.Build.0 = Release|Any CPU
		{E437018F-166A-4FA5-8565-AB7B8062B4E7}.Debug|Any CPU.ActiveCfg = Debug|Any CPU
		{E437018F-166A-4FA5-8565-AB7B8062B4E7}.Debug|Any CPU.Build.0 = Debug|Any CPU
		{E437018F-166A-4FA5-8565-AB7B8062B4E7}.Release|Any CPU.ActiveCfg = Release|Any CPU
		{E437018F-166A-4FA5-8565-AB7B8062B4E7}.Release|Any CPU.Build.0 = Release|Any CPU
		{52617312-6A26-4A6E-A2A6-10661955DDED}.Debug|Any CPU.ActiveCfg = Debug|Any CPU
		{52617312-6A26-4A6E-A2A6-10661955DDED}.Debug|Any CPU.Build.0 = Debug|Any CPU
		{52617312-6A26-4A6E-A2A6-10661955DDED}.Release|Any CPU.ActiveCfg = Release|Any CPU
		{52617312-6A26-4A6E-A2A6-10661955DDED}.Release|Any CPU.Build.0 = Release|Any CPU
		{B95CB29A-86A5-45A2-9D8C-101F3B12C370}.Debug|Any CPU.ActiveCfg = Debug|Any CPU
		{B95CB29A-86A5-45A2-9D8C-101F3B12C370}.Debug|Any CPU.Build.0 = Debug|Any CPU
		{B95CB29A-86A5-45A2-9D8C-101F3B12C370}.Release|Any CPU.ActiveCfg = Release|Any CPU
		{B95CB29A-86A5-45A2-9D8C-101F3B12C370}.Release|Any CPU.Build.0 = Release|Any CPU
	EndGlobalSection
	GlobalSection(SolutionProperties) = preSolution
		HideSolutionNode = FALSE
	EndGlobalSection
	GlobalSection(ExtensibilityGlobals) = postSolution
		SolutionGuid = {DA056B86-12CF-4954-8E9B-945ABF7E79BC}
	EndGlobalSection
EndGlobal
