
Microsoft Visual Studio Solution File, Format Version 12.00
# Visual Studio 15
VisualStudioVersion = 15.0.28307.102
MinimumVisualStudioVersion = 10.0.40219.1
Project("{9A19103F-16F7-4668-BE54-9A1E7A4F7556}") = "Leagues.IdentityGroup", "Leagues.IdentityGroup.csproj", "{238523A9-1539-4861-A976-9F3F470BBFEF}"
EndProject
Global
	GlobalSection(SolutionConfigurationPlatforms) = preSolution
		Debug|Any CPU = Debug|Any CPU
		Release|Any CPU = Release|Any CPU
	EndGlobalSection
	GlobalSection(ProjectConfigurationPlatforms) = postSolution
		{238523A9-1539-4861-A976-9F3F470BBFEF}.Debug|Any CPU.ActiveCfg = Debug|Any CPU
		{238523A9-1539-4861-A976-9F3F470BBFEF}.Debug|Any CPU.Build.0 = Debug|Any CPU
		{238523A9-1539-4861-A976-9F3F470BBFEF}.Release|Any CPU.ActiveCfg = Release|Any CPU
		{238523A9-1539-4861-A976-9F3F470BBFEF}.Release|Any CPU.Build.0 = Release|Any CPU
	EndGlobalSection
	GlobalSection(SolutionProperties) = preSolution
		HideSolutionNode = FALSE
	EndGlobalSection
	GlobalSection(ExtensibilityGlobals) = postSolution
		SolutionGuid = {BC665D48-8447-474B-93F4-F3DD5875BF61}
	EndGlobalSection
EndGlobal
